// !$*UTF8*$!
{
	archiveVersion = 1;
	classes = {
	};
	objectVersion = 50;
	objects = {

/* Begin PBXBuildFile section */
		69781D6524B7385C0053BCD6 /* AppDelegate.swift in Sources */ = {isa = PBXBuildFile; fileRef = 69781D6424B7385C0053BCD6 /* AppDelegate.swift */; };
		69781D6724B7385C0053BCD6 /* SceneDelegate.swift in Sources */ = {isa = PBXBuildFile; fileRef = 69781D6624B7385C0053BCD6 /* SceneDelegate.swift */; };
		69781D6924B7385C0053BCD6 /* ViewController.swift in Sources */ = {isa = PBXBuildFile; fileRef = 69781D6824B7385C0053BCD6 /* ViewController.swift */; };
		69781D6C24B7385C0053BCD6 /* Main.storyboard in Resources */ = {isa = PBXBuildFile; fileRef = 69781D6A24B7385C0053BCD6 /* Main.storyboard */; };
		69781D6E24B7385E0053BCD6 /* Assets.xcassets in Resources */ = {isa = PBXBuildFile; fileRef = 69781D6D24B7385E0053BCD6 /* Assets.xcassets */; };
		69781D7124B7385E0053BCD6 /* LaunchScreen.storyboard in Resources */ = {isa = PBXBuildFile; fileRef = 69781D6F24B7385E0053BCD6 /* LaunchScreen.storyboard */; };
		69781D7C24B7385E0053BCD6 /* demoTests.swift in Sources */ = {isa = PBXBuildFile; fileRef = 69781D7B24B7385E0053BCD6 /* demoTests.swift */; };
		69781D8724B7385E0053BCD6 /* demoUITests.swift in Sources */ = {isa = PBXBuildFile; fileRef = 69781D8624B7385E0053BCD6 /* demoUITests.swift */; };
/* End PBXBuildFile section */

/* Begin PBXContainerItemProxy section */
		69781D7824B7385E0053BCD6 /* PBXContainerItemProxy */ = {
			isa = PBXContainerItemProxy;
			containerPortal = 69781D5924B7385C0053BCD6 /* Project object */;
			proxyType = 1;
			remoteGlobalIDString = 69781D6024B7385C0053BCD6;
			remoteInfo = demo;
		};
		69781D8324B7385E0053BCD6 /* PBXContainerItemProxy */ = {
			isa = PBXContainerItemProxy;
			containerPortal = 69781D5924B7385C0053BCD6 /* Project object */;
			proxyType = 1;
			remoteGlobalIDString = 69781D6024B7385C0053BCD6;
			remoteInfo = demo;
		};
/* End PBXContainerItemProxy section */

/* Begin PBXFileReference section */
		69781D6124B7385C0053BCD6 /* demo.app */ = {isa = PBXFileReference; explicitFileType = wrapper.application; includeInIndex = 0; path = demo.app; sourceTree = BUILT_PRODUCTS_DIR; };
		69781D6424B7385C0053BCD6 /* AppDelegate.swift */ = {isa = PBXFileReference; lastKnownFileType = sourcecode.swift; path = AppDelegate.swift; sourceTree = "<group>"; };
		69781D6624B7385C0053BCD6 /* SceneDelegate.swift */ = {isa = PBXFileReference; lastKnownFileType = sourcecode.swift; path = SceneDelegate.swift; sourceTree = "<group>"; };
		69781D6824B7385C0053BCD6 /* ViewController.swift */ = {isa = PBXFileReference; lastKnownFileType = sourcecode.swift; path = ViewController.swift; sourceTree = "<group>"; };
		69781D6B24B7385C0053BCD6 /* Base */ = {isa = PBXFileReference; lastKnownFileType = file.storyboard; name = Base; path = Base.lproj/Main.storyboard; sourceTree = "<group>"; };
		69781D6D24B7385E0053BCD6 /* Assets.xcassets */ = {isa = PBXFileReference; lastKnownFileType = folder.assetcatalog; path = Assets.xcassets; sourceTree = "<group>"; };
		69781D7024B7385E0053BCD6 /* Base */ = {isa = PBXFileReference; lastKnownFileType = file.storyboard; name = Base; path = Base.lproj/LaunchScreen.storyboard; sourceTree = "<group>"; };
		69781D7224B7385E0053BCD6 /* Info.plist */ = {isa = PBXFileReference; lastKnownFileType = text.plist.xml; path = Info.plist; sourceTree = "<group>"; };
		69781D7724B7385E0053BCD6 /* demoTests.xctest */ = {isa = PBXFileReference; explicitFileType = wrapper.cfbundle; includeInIndex = 0; path = demoTests.xctest; sourceTree = BUILT_PRODUCTS_DIR; };
		69781D7B24B7385E0053BCD6 /* demoTests.swift */ = {isa = PBXFileReference; lastKnownFileType = sourcecode.swift; path = demoTests.swift; sourceTree = "<group>"; };
		69781D7D24B7385E0053BCD6 /* Info.plist */ = {isa = PBXFileReference; lastKnownFileType = text.plist.xml; path = Info.plist; sourceTree = "<group>"; };
		69781D8224B7385E0053BCD6 /* demoUITests.xctest */ = {isa = PBXFileReference; explicitFileType = wrapper.cfbundle; includeInIndex = 0; path = demoUITests.xctest; sourceTree = BUILT_PRODUCTS_DIR; };
		69781D8624B7385E0053BCD6 /* demoUITests.swift */ = {isa = PBXFileReference; lastKnownFileType = sourcecode.swift; path = demoUITests.swift; sourceTree = "<group>"; };
		69781D8824B7385E0053BCD6 /* Info.plist */ = {isa = PBXFileReference; lastKnownFileType = text.plist.xml; path = Info.plist; sourceTree = "<group>"; };
/* End PBXFileReference section */

/* Begin PBXFrameworksBuildPhase section */
		69781D5E24B7385C0053BCD6 /* Frameworks */ = {
			isa = PBXFrameworksBuildPhase;
			buildActionMask = 2147483647;
			files = (
			);
			runOnlyForDeploymentPostprocessing = 0;
		};
		69781D7424B7385E0053BCD6 /* Frameworks */ = {
			isa = PBXFrameworksBuildPhase;
			buildActionMask = 2147483647;
			files = (
			);
			runOnlyForDeploymentPostprocessing = 0;
		};
		69781D7F24B7385E0053BCD6 /* Frameworks */ = {
			isa = PBXFrameworksBuildPhase;
			buildActionMask = 2147483647;
			files = (
			);
			runOnlyForDeploymentPostprocessing = 0;
		};
/* End PBXFrameworksBuildPhase section */

/* Begin PBXGroup section */
		69781D5824B7385C0053BCD6 = {
			isa = PBXGroup;
			children = (
				69781D6324B7385C0053BCD6 /* demo */,
				69781D7A24B7385E0053BCD6 /* demoTests */,
				69781D8524B7385E0053BCD6 /* demoUITests */,
				69781D6224B7385C0053BCD6 /* Products */,
			);
			sourceTree = "<group>";
			usesTabs = 0;
		};
		69781D6224B7385C0053BCD6 /* Products */ = {
			isa = PBXGroup;
			children = (
				69781D6124B7385C0053BCD6 /* demo.app */,
				69781D7724B7385E0053BCD6 /* demoTests.xctest */,
				69781D8224B7385E0053BCD6 /* demoUITests.xctest */,
			);
			name = Products;
			sourceTree = "<group>";
		};
		69781D6324B7385C0053BCD6 /* demo */ = {
			isa = PBXGroup;
			children = (
				69781D6424B7385C0053BCD6 /* AppDelegate.swift */,
				69781D6624B7385C0053BCD6 /* SceneDelegate.swift */,
				69781D6824B7385C0053BCD6 /* ViewController.swift */,
				69781D6A24B7385C0053BCD6 /* Main.storyboard */,
				69781D6D24B7385E0053BCD6 /* Assets.xcassets */,
				69781D6F24B7385E0053BCD6 /* LaunchScreen.storyboard */,
				69781D7224B7385E0053BCD6 /* Info.plist */,
			);
			path = demo;
			sourceTree = "<group>";
		};
		69781D7A24B7385E0053BCD6 /* demoTests */ = {
			isa = PBXGroup;
			children = (
				69781D7B24B7385E0053BCD6 /* demoTests.swift */,
				69781D7D24B7385E0053BCD6 /* Info.plist */,
			);
			path = demoTests;
			sourceTree = "<group>";
		};
		69781D8524B7385E0053BCD6 /* demoUITests */ = {
			isa = PBXGroup;
			children = (
				69781D8624B7385E0053BCD6 /* demoUITests.swift */,
				69781D8824B7385E0053BCD6 /* Info.plist */,
			);
			path = demoUITests;
			sourceTree = "<group>";
		};
/* End PBXGroup section */

/* Begin PBXNativeTarget section */
		69781D6024B7385C0053BCD6 /* demo */ = {
			isa = PBXNativeTarget;
			buildConfigurationList = 69781D8B24B7385E0053BCD6 /* Build configuration list for PBXNativeTarget "demo" */;
			buildPhases = (
				69781D5D24B7385C0053BCD6 /* Sources */,
				69781D5E24B7385C0053BCD6 /* Frameworks */,
				69781D5F24B7385C0053BCD6 /* Resources */,
			);
			buildRules = (
			);
			dependencies = (
			);
			name = demo;
			productName = demo;
			productReference = 69781D6124B7385C0053BCD6 /* demo.app */;
			productType = "com.apple.product-type.application";
		};
		69781D7624B7385E0053BCD6 /* demoTests */ = {
			isa = PBXNativeTarget;
			buildConfigurationList = 69781D8E24B7385E0053BCD6 /* Build configuration list for PBXNativeTarget "demoTests" */;
			buildPhases = (
				69781D7324B7385E0053BCD6 /* Sources */,
				69781D7424B7385E0053BCD6 /* Frameworks */,
				69781D7524B7385E0053BCD6 /* Resources */,
			);
			buildRules = (
			);
			dependencies = (
				69781D7924B7385E0053BCD6 /* PBXTargetDependency */,
			);
			name = demoTests;
			productName = demoTests;
			productReference = 69781D7724B7385E0053BCD6 /* demoTests.xctest */;
			productType = "com.apple.product-type.bundle.unit-test";
		};
		69781D8124B7385E0053BCD6 /* demoUITests */ = {
			isa = PBXNativeTarget;
			buildConfigurationList = 69781D9124B7385E0053BCD6 /* Build configuration list for PBXNativeTarget "demoUITests" */;
			buildPhases = (
				69781D7E24B7385E0053BCD6 /* Sources */,
				69781D7F24B7385E0053BCD6 /* Frameworks */,
				69781D8024B7385E0053BCD6 /* Resources */,
			);
			buildRules = (
			);
			dependencies = (
				69781D8424B7385E0053BCD6 /* PBXTargetDependency */,
			);
			name = demoUITests;
			productName = demoUITests;
			productReference = 69781D8224B7385E0053BCD6 /* demoUITests.xctest */;
			productType = "com.apple.product-type.bundle.ui-testing";
		};
/* End PBXNativeTarget section */

/* Begin PBXProject section */
		69781D5924B7385C0053BCD6 /* Project object */ = {
			isa = PBXProject;
			attributes = {
				LastSwiftUpdateCheck = 1200;
				LastUpgradeCheck = 1200;
				TargetAttributes = {
					69781D6024B7385C0053BCD6 = {
						CreatedOnToolsVersion = 12.0;
					};
					69781D7624B7385E0053BCD6 = {
						CreatedOnToolsVersion = 12.0;
						TestTargetID = 69781D6024B7385C0053BCD6;
					};
					69781D8124B7385E0053BCD6 = {
						CreatedOnToolsVersion = 12.0;
						TestTargetID = 69781D6024B7385C0053BCD6;
					};
				};
			};
			buildConfigurationList = 69781D5C24B7385C0053BCD6 /* Build configuration list for PBXProject "demo" */;
			compatibilityVersion = "Xcode 9.3";
			developmentRegion = en;
			hasScannedForEncodings = 0;
			knownRegions = (
				en,
				Base,
			);
			mainGroup = 69781D5824B7385C0053BCD6;
			productRefGroup = 69781D6224B7385C0053BCD6 /* Products */;
			projectDirPath = "";
			projectRoot = "";
			targets = (
				69781D6024B7385C0053BCD6 /* demo */,
				69781D7624B7385E0053BCD6 /* demoTests */,
				69781D8124B7385E0053BCD6 /* demoUITests */,
			);
		};
/* End PBXProject section */

/* Begin PBXResourcesBuildPhase section */
		69781D5F24B7385C0053BCD6 /* Resources */ = {
			isa = PBXResourcesBuildPhase;
			buildActionMask = 2147483647;
			files = (
				69781D7124B7385E0053BCD6 /* LaunchScreen.storyboard in Resources */,
				69781D6E24B7385E0053BCD6 /* Assets.xcassets in Resources */,
				69781D6C24B7385C0053BCD6 /* Main.storyboard in Resources */,
			);
			runOnlyForDeploymentPostprocessing = 0;
		};
		69781D7524B7385E0053BCD6 /* Resources */ = {
			isa = PBXResourcesBuildPhase;
			buildActionMask = 2147483647;
			files = (
			);
			runOnlyForDeploymentPostprocessing = 0;
		};
		69781D8024B7385E0053BCD6 /* Resources */ = {
			isa = PBXResourcesBuildPhase;
			buildActionMask = 2147483647;
			files = (
			);
			runOnlyForDeploymentPostprocessing = 0;
		};
/* End PBXResourcesBuildPhase section */

/* Begin PBXSourcesBuildPhase section */
		69781D5D24B7385C0053BCD6 /* Sources */ = {
			isa = PBXSourcesBuildPhase;
			buildActionMask = 2147483647;
			files = (
				69781D6924B7385C0053BCD6 /* ViewController.swift in Sources */,
				69781D6524B7385C0053BCD6 /* AppDelegate.swift in Sources */,
				69781D6724B7385C0053BCD6 /* SceneDelegate.swift in Sources */,
			);
			runOnlyForDeploymentPostprocessing = 0;
		};
		69781D7324B7385E0053BCD6 /* Sources */ = {
			isa = PBXSourcesBuildPhase;
			buildActionMask = 2147483647;
			files = (
				69781D7C24B7385E0053BCD6 /* demoTests.swift in Sources */,
			);
			runOnlyForDeploymentPostprocessing = 0;
		};
		69781D7E24B7385E0053BCD6 /* Sources */ = {
			isa = PBXSourcesBuildPhase;
			buildActionMask = 2147483647;
			files = (
				69781D8724B7385E0053BCD6 /* demoUITests.swift in Sources */,
			);
			runOnlyForDeploymentPostprocessing = 0;
		};
/* End PBXSourcesBuildPhase section */

/* Begin PBXTargetDependency section */
		69781D7924B7385E0053BCD6 /* PBXTargetDependency */ = {
			isa = PBXTargetDependency;
			target = 69781D6024B7385C0053BCD6 /* demo */;
			targetProxy = 69781D7824B7385E0053BCD6 /* PBXContainerItemProxy */;
		};
		69781D8424B7385E0053BCD6 /* PBXTargetDependency */ = {
			isa = PBXTargetDependency;
			target = 69781D6024B7385C0053BCD6 /* demo */;
			targetProxy = 69781D8324B7385E0053BCD6 /* PBXContainerItemProxy */;
		};
/* End PBXTargetDependency section */

/* Begin PBXVariantGroup section */
		69781D6A24B7385C0053BCD6 /* Main.storyboard */ = {
			isa = PBXVariantGroup;
			children = (
				69781D6B24B7385C0053BCD6 /* Base */,
			);
			name = Main.storyboard;
			sourceTree = "<group>";
		};
		69781D6F24B7385E0053BCD6 /* LaunchScreen.storyboard */ = {
			isa = PBXVariantGroup;
			children = (
				69781D7024B7385E0053BCD6 /* Base */,
			);
			name = LaunchScreen.storyboard;
			sourceTree = "<group>";
		};
/* End PBXVariantGroup section */

/* Begin XCBuildConfiguration section */
		69781D8924B7385E0053BCD6 /* Debug */ = {
			isa = XCBuildConfiguration;
			buildSettings = {
				ALWAYS_SEARCH_USER_PATHS = NO;
				CLANG_ANALYZER_NONNULL = YES;
				CLANG_ANALYZER_NUMBER_OBJECT_CONVERSION = YES_AGGRESSIVE;
				CLANG_CXX_LANGUAGE_STANDARD = "gnu++14";
				CLANG_CXX_LIBRARY = "libc++";
				CLANG_ENABLE_MODULES = YES;
				CLANG_ENABLE_OBJC_ARC = YES;
				CLANG_ENABLE_OBJC_WEAK = YES;
				CLANG_WARN_BLOCK_CAPTURE_AUTORELEASING = YES;
				CLANG_WARN_BOOL_CONVERSION = YES;
				CLANG_WARN_COMMA = YES;
				CLANG_WARN_CONSTANT_CONVERSION = YES;
				CLANG_WARN_DEPRECATED_OBJC_IMPLEMENTATIONS = YES;
				CLANG_WARN_DIRECT_OBJC_ISA_USAGE = YES_ERROR;
				CLANG_WARN_DOCUMENTATION_COMMENTS = YES;
				CLANG_WARN_EMPTY_BODY = YES;
				CLANG_WARN_ENUM_CONVERSION = YES;
				CLANG_WARN_INFINITE_RECURSION = YES;
				CLANG_WARN_INT_CONVERSION = YES;
				CLANG_WARN_NON_LITERAL_NULL_CONVERSION = YES;
				CLANG_WARN_OBJC_IMPLICIT_RETAIN_SELF = YES;
				CLANG_WARN_OBJC_LITERAL_CONVERSION = YES;
				CLANG_WARN_OBJC_ROOT_CLASS = YES_ERROR;
				CLANG_WARN_QUOTED_INCLUDE_IN_FRAMEWORK_HEADER = YES;
				CLANG_WARN_RANGE_LOOP_ANALYSIS = YES;
				CLANG_WARN_STRICT_PROTOTYPES = YES;
				CLANG_WARN_SUSPICIOUS_MOVE = YES;
				CLANG_WARN_UNGUARDED_AVAILABILITY = YES_AGGRESSIVE;
				CLANG_WARN_UNREACHABLE_CODE = YES;
				CLANG_WARN__DUPLICATE_METHOD_MATCH = YES;
				COPY_PHASE_STRIP = NO;
				DEBUG_INFORMATION_FORMAT = dwarf;
				ENABLE_STRICT_OBJC_MSGSEND = YES;
				ENABLE_TESTABILITY = YES;
				GCC_C_LANGUAGE_STANDARD = gnu11;
				GCC_DYNAMIC_NO_PIC = NO;
				GCC_NO_COMMON_BLOCKS = YES;
				GCC_OPTIMIZATION_LEVEL = 0;
				GCC_PREPROCESSOR_DEFINITIONS = (
					"DEBUG=1",
					"$(inherited)",
				);
				GCC_WARN_64_TO_32_BIT_CONVERSION = YES;
				GCC_WARN_ABOUT_RETURN_TYPE = YES_ERROR;
				GCC_WARN_UNDECLARED_SELECTOR = YES;
				GCC_WARN_UNINITIALIZED_AUTOS = YES_AGGRESSIVE;
				GCC_WARN_UNUSED_FUNCTION = YES;
				GCC_WARN_UNUSED_VARIABLE = YES;
				IPHONEOS_DEPLOYMENT_TARGET = 13.0;
				MTL_ENABLE_DEBUG_INFO = INCLUDE_SOURCE;
				MTL_FAST_MATH = YES;
				ONLY_ACTIVE_ARCH = YES;
				SDKROOT = iphoneos;
				SWIFT_ACTIVE_COMPILATION_CONDITIONS = DEBUG;
				SWIFT_OPTIMIZATION_LEVEL = "-Onone";
			};
			name = Debug;
		};
		69781D8A24B7385E0053BCD6 /* Release */ = {
			isa = XCBuildConfiguration;
			buildSettings = {
				ALWAYS_SEARCH_USER_PATHS = NO;
				CLANG_ANALYZER_NONNULL = YES;
				CLANG_ANALYZER_NUMBER_OBJECT_CONVERSION = YES_AGGRESSIVE;
				CLANG_CXX_LANGUAGE_STANDARD = "gnu++14";
				CLANG_CXX_LIBRARY = "libc++";
				CLANG_ENABLE_MODULES = YES;
				CLANG_ENABLE_OBJC_ARC = YES;
				CLANG_ENABLE_OBJC_WEAK = YES;
				CLANG_WARN_BLOCK_CAPTURE_AUTORELEASING = YES;
				CLANG_WARN_BOOL_CONVERSION = YES;
				CLANG_WARN_COMMA = YES;
				CLANG_WARN_CONSTANT_CONVERSION = YES;
				CLANG_WARN_DEPRECATED_OBJC_IMPLEMENTATIONS = YES;
				CLANG_WARN_DIRECT_OBJC_ISA_USAGE = YES_ERROR;
				CLANG_WARN_DOCUMENTATION_COMMENTS = YES;
				CLANG_WARN_EMPTY_BODY = YES;
				CLANG_WARN_ENUM_CONVERSION = YES;
				CLANG_WARN_INFINITE_RECURSION = YES;
				CLANG_WARN_INT_CONVERSION = YES;
				CLANG_WARN_NON_LITERAL_NULL_CONVERSION = YES;
				CLANG_WARN_OBJC_IMPLICIT_RETAIN_SELF = YES;
				CLANG_WARN_OBJC_LITERAL_CONVERSION = YES;
				CLANG_WARN_OBJC_ROOT_CLASS = YES_ERROR;
				CLANG_WARN_QUOTED_INCLUDE_IN_FRAMEWORK_HEADER = YES;
				CLANG_WARN_RANGE_LOOP_ANALYSIS = YES;
				CLANG_WARN_STRICT_PROTOTYPES = YES;
				CLANG_WARN_SUSPICIOUS_MOVE = YES;
				CLANG_WARN_UNGUARDED_AVAILABILITY = YES_AGGRESSIVE;
				CLANG_WARN_UNREACHABLE_CODE = YES;
				CLANG_WARN__DUPLICATE_METHOD_MATCH = YES;
				COPY_PHASE_STRIP = NO;
				DEBUG_INFORMATION_FORMAT = "dwarf-with-dsym";
				ENABLE_NS_ASSERTIONS = NO;
				ENABLE_STRICT_OBJC_MSGSEND = YES;
				GCC_C_LANGUAGE_STANDARD = gnu11;
				GCC_NO_COMMON_BLOCKS = YES;
				GCC_WARN_64_TO_32_BIT_CONVERSION = YES;
				GCC_WARN_ABOUT_RETURN_TYPE = YES_ERROR;
				GCC_WARN_UNDECLARED_SELECTOR = YES;
				GCC_WARN_UNINITIALIZED_AUTOS = YES_AGGRESSIVE;
				GCC_WARN_UNUSED_FUNCTION = YES;
				GCC_WARN_UNUSED_VARIABLE = YES;
				IPHONEOS_DEPLOYMENT_TARGET = 13.0;
				MTL_ENABLE_DEBUG_INFO = NO;
				MTL_FAST_MATH = YES;
				SDKROOT = iphoneos;
				SWIFT_COMPILATION_MODE = wholemodule;
				SWIFT_OPTIMIZATION_LEVEL = "-O";
				VALIDATE_PRODUCT = YES;
			};
			name = Release;
		};
		69781D8C24B7385E0053BCD6 /* Debug */ = {
			isa = XCBuildConfiguration;
			buildSettings = {
				ASSETCATALOG_COMPILER_APPICON_NAME = AppIcon;
				ASSETCATALOG_COMPILER_GLOBAL_ACCENT_COLOR_NAME = AccentColor;
				CODE_SIGN_STYLE = Automatic;
				DEVELOPMENT_TEAM = V68ZQ92V75;
				INFOPLIST_FILE = demo/Info.plist;
				LD_RUNPATH_SEARCH_PATHS = (
					"$(inherited)",
					"@executable_path/Frameworks",
				);
				PRODUCT_BUNDLE_IDENTIFIER = com.baaro.demo;
				PRODUCT_NAME = "$(TARGET_NAME)";
				SWIFT_VERSION = 5.0;
				TARGETED_DEVICE_FAMILY = "1,2";
			};
			name = Debug;
		};
		69781D8D24B7385E0053BCD6 /* Release */ = {
			isa = XCBuildConfiguration;
			buildSettings = {
				ASSETCATALOG_COMPILER_APPICON_NAME = AppIcon;
				ASSETCATALOG_COMPILER_GLOBAL_ACCENT_COLOR_NAME = AccentColor;
				CODE_SIGN_STYLE = Automatic;
				DEVELOPMENT_TEAM = V68ZQ92V75;
				INFOPLIST_FILE = demo/Info.plist;
				LD_RUNPATH_SEARCH_PATHS = (
					"$(inherited)",
					"@executable_path/Frameworks",
				);
				PRODUCT_BUNDLE_IDENTIFIER = com.baaro.demo;
				PRODUCT_NAME = "$(TARGET_NAME)";
				SWIFT_VERSION = 5.0;
				TARGETED_DEVICE_FAMILY = "1,2";
			};
			name = Release;
		};
		69781D8F24B7385E0053BCD6 /* Debug */ = {
			isa = XCBuildConfiguration;
			buildSettings = {
				ALWAYS_EMBED_SWIFT_STANDARD_LIBRARIES = YES;
				BUNDLE_LOADER = "$(TEST_HOST)";
				CODE_SIGN_STYLE = Automatic;
				INFOPLIST_FILE = demoTests/Info.plist;
				IPHONEOS_DEPLOYMENT_TARGET = 14.0;
				LD_RUNPATH_SEARCH_PATHS = (
					"$(inherited)",
					"@executable_path/Frameworks",
					"@loader_path/Frameworks",
				);
				PRODUCT_BUNDLE_IDENTIFIER = com.baaro.demoTests;
				PRODUCT_NAME = "$(TARGET_NAME)";
				SWIFT_VERSION = 5.0;
				TARGETED_DEVICE_FAMILY = "1,2";
				TEST_HOST = "$(BUILT_PRODUCTS_DIR)/demo.app/demo";
			};
			name = Debug;
		};
		69781D9024B7385E0053BCD6 /* Release */ = {
			isa = XCBuildConfiguration;
			buildSettings = {
				ALWAYS_EMBED_SWIFT_STANDARD_LIBRARIES = YES;
				BUNDLE_LOADER = "$(TEST_HOST)";
				CODE_SIGN_STYLE = Automatic;
				INFOPLIST_FILE = demoTests/Info.plist;
				IPHONEOS_DEPLOYMENT_TARGET = 14.0;
				LD_RUNPATH_SEARCH_PATHS = (
					"$(inherited)",
					"@executable_path/Frameworks",
					"@loader_path/Frameworks",
				);
				PRODUCT_BUNDLE_IDENTIFIER = com.baaro.demoTests;
				PRODUCT_NAME = "$(TARGET_NAME)";
				SWIFT_VERSION = 5.0;
				TARGETED_DEVICE_FAMILY = "1,2";
				TEST_HOST = "$(BUILT_PRODUCTS_DIR)/demo.app/demo";
			};
			name = Release;
		};
		69781D9224B7385E0053BCD6 /* Debug */ = {
			isa = XCBuildConfiguration;
			buildSettings = {
				ALWAYS_EMBED_SWIFT_STANDARD_LIBRARIES = YES;
				CODE_SIGN_STYLE = Automatic;
				INFOPLIST_FILE = demoUITests/Info.plist;
				LD_RUNPATH_SEARCH_PATHS = (
					"$(inherited)",
					"@executable_path/Frameworks",
					"@loader_path/Frameworks",
				);
				PRODUCT_BUNDLE_IDENTIFIER = com.baaro.demoUITests;
				PRODUCT_NAME = "$(TARGET_NAME)";
				SWIFT_VERSION = 5.0;
				TARGETED_DEVICE_FAMILY = "1,2";
				TEST_TARGET_NAME = demo;
			};
			name = Debug;
		};
		69781D9324B7385E0053BCD6 /* Release */ = {
			isa = XCBuildConfiguration;
			buildSettings = {
				ALWAYS_EMBED_SWIFT_STANDARD_LIBRARIES = YES;
				CODE_SIGN_STYLE = Automatic;
				INFOPLIST_FILE = demoUITests/Info.plist;
				LD_RUNPATH_SEARCH_PATHS = (
					"$(inherited)",
					"@executable_path/Frameworks",
					"@loader_path/Frameworks",
				);
				PRODUCT_BUNDLE_IDENTIFIER = com.baaro.demoUITests;
				PRODUCT_NAME = "$(TARGET_NAME)";
				SWIFT_VERSION = 5.0;
				TARGETED_DEVICE_FAMILY = "1,2";
				TEST_TARGET_NAME = demo;
			};
			name = Release;
		};
/* End XCBuildConfiguration section */

/* Begin XCConfigurationList section */
		69781D5C24B7385C0053BCD6 /* Build configuration list for PBXProject "demo" */ = {
			isa = XCConfigurationList;
			buildConfigurations = (
				69781D8924B7385E0053BCD6 /* Debug */,
				69781D8A24B7385E0053BCD6 /* Release */,
			);
			defaultConfigurationIsVisible = 0;
			defaultConfigurationName = Release;
		};
		69781D8B24B7385E0053BCD6 /* Build configuration list for PBXNativeTarget "demo" */ = {
			isa = XCConfigurationList;
			buildConfigurations = (
				69781D8C24B7385E0053BCD6 /* Debug */,
				69781D8D24B7385E0053BCD6 /* Release */,
			);
			defaultConfigurationIsVisible = 0;
			defaultConfigurationName = Release;
		};
		69781D8E24B7385E0053BCD6 /* Build configuration list for PBXNativeTarget "demoTests" */ = {
			isa = XCConfigurationList;
			buildConfigurations = (
				69781D8F24B7385E0053BCD6 /* Debug */,
				69781D9024B7385E0053BCD6 /* Release */,
			);
			defaultConfigurationIsVisible = 0;
			defaultConfigurationName = Release;
		};
		69781D9124B7385E0053BCD6 /* Build configuration list for PBXNativeTarget "demoUITests" */ = {
			isa = XCConfigurationList;
			buildConfigurations = (
				69781D9224B7385E0053BCD6 /* Debug */,
				69781D9324B7385E0053BCD6 /* Release */,
			);
			defaultConfigurationIsVisible = 0;
			defaultConfigurationName = Release;
		};
/* End XCConfigurationList section */
	};
	rootObject = 69781D5924B7385C0053BCD6 /* Project object */;
}
